
Microsoft Visual Studio Solution File, Format Version 12.00
# Visual Studio Version 17
VisualStudioVersion = 17.9.34723.18
MinimumVisualStudioVersion = 10.0.40219.1
Project("{FAE04EC0-301F-11D3-BF4B-00C04F79EFBC}") = "BlogCore", "BlogCore\BlogCore.csproj", "{A0B598BF-D822-4B82-BBBF-5F057C760044}"
EndProject
Project("{FAE04EC0-301F-11D3-BF4B-00C04F79EFBC}") = "BlogCore.Persistencia", "BlogCore.Persistencia\BlogCore.Persistencia.csproj", "{5D649B66-FA2C-4321-A5FD-04093E57FCC0}"
EndProject
Project("{FAE04EC0-301F-11D3-BF4B-00C04F79EFBC}") = "BlogCore.Domain", "BlogCore.Domain\BlogCore.Domain.csproj", "{1E66EC5A-FD53-46AC-B43B-7EED5CC625E9}"
EndProject
Project("{2150E333-8FDC-42A3-9474-1A3956D46DE8}") = "src", "src", "{4368E5C5-1D16-4ABA-B9E5-A5B640218024}"
EndProject
Project("{2150E333-8FDC-42A3-9474-1A3956D46DE8}") = "Core", "Core", "{3FCCE784-D1CE-4DC2-8AA4-07382F87949C}"
EndProject
Project("{2150E333-8FDC-42A3-9474-1A3956D46DE8}") = "Host", "Host", "{03706265-DABD-451A-8689-AA36D5268185}"
EndProject
Project("{2150E333-8FDC-42A3-9474-1A3956D46DE8}") = "Infrastructure", "Infrastructure", "{AF68C7E9-0E1D-47B3-B6AB-213A93D4D9C0}"
EndProject
Project("{2150E333-8FDC-42A3-9474-1A3956D46DE8}") = "Tests", "Tests", "{E6BE90F5-212A-4A95-A82F-057CC995666A}"
EndProject
Project("{FAE04EC0-301F-11D3-BF4B-00C04F79EFBC}") = "BlogCore.Tests", "BlogCore.Tests\BlogCore.Tests.csproj", "{332B3179-F8FD-48C5-9277-169C60AB7D63}"
EndProject
Project("{FAE04EC0-301F-11D3-BF4B-00C04F79EFBC}") = "BlogCore.Application", "BlogCore.Application\BlogCore.Application.csproj", "{84F810C9-3476-4132-9D01-FB000EE12C4E}"
EndProject
Global
	GlobalSection(SolutionConfigurationPlatforms) = preSolution
		Debug|Any CPU = Debug|Any CPU
		Release|Any CPU = Release|Any CPU
	EndGlobalSection
	GlobalSection(ProjectConfigurationPlatforms) = postSolution
		{A0B598BF-D822-4B82-BBBF-5F057C760044}.Debug|Any CPU.ActiveCfg = Debug|Any CPU
		{A0B598BF-D822-4B82-BBBF-5F057C760044}.Debug|Any CPU.Build.0 = Debug|Any CPU
		{A0B598BF-D822-4B82-BBBF-5F057C760044}.Release|Any CPU.ActiveCfg = Release|Any CPU
		{A0B598BF-D822-4B82-BBBF-5F057C760044}.Release|Any CPU.Build.0 = Release|Any CPU
		{5D649B66-FA2C-4321-A5FD-04093E57FCC0}.Debug|Any CPU.ActiveCfg = Debug|Any CPU
		{5D649B66-FA2C-4321-A5FD-04093E57FCC0}.Debug|Any CPU.Build.0 = Debug|Any CPU
		{5D649B66-FA2C-4321-A5FD-04093E57FCC0}.Release|Any CPU.ActiveCfg = Release|Any CPU
		{5D649B66-FA2C-4321-A5FD-04093E57FCC0}.Release|Any CPU.Build.0 = Release|Any CPU
		{1E66EC5A-FD53-46AC-B43B-7EED5CC625E9}.Debug|Any CPU.ActiveCfg = Debug|Any CPU
		{1E66EC5A-FD53-46AC-B43B-7EED5CC625E9}.Debug|Any CPU.Build.0 = Debug|Any CPU
		{1E66EC5A-FD53-46AC-B43B-7EED5CC625E9}.Release|Any CPU.ActiveCfg = Release|Any CPU
		{1E66EC5A-FD53-46AC-B43B-7EED5CC625E9}.Release|Any CPU.Build.0 = Release|Any CPU
		{332B3179-F8FD-48C5-9277-169C60AB7D63}.Debug|Any CPU.ActiveCfg = Debug|Any CPU
		{332B3179-F8FD-48C5-9277-169C60AB7D63}.Debug|Any CPU.Build.0 = Debug|Any CPU
		{332B3179-F8FD-48C5-9277-169C60AB7D63}.Release|Any CPU.ActiveCfg = Release|Any CPU
		{332B3179-F8FD-48C5-9277-169C60AB7D63}.Release|Any CPU.Build.0 = Release|Any CPU
		{84F810C9-3476-4132-9D01-FB000EE12C4E}.Debug|Any CPU.ActiveCfg = Debug|Any CPU
		{84F810C9-3476-4132-9D01-FB000EE12C4E}.Debug|Any CPU.Build.0 = Debug|Any CPU
		{84F810C9-3476-4132-9D01-FB000EE12C4E}.Release|Any CPU.ActiveCfg = Release|Any CPU
		{84F810C9-3476-4132-9D01-FB000EE12C4E}.Release|Any CPU.Build.0 = Release|Any CPU
	EndGlobalSection
	GlobalSection(SolutionProperties) = preSolution
		HideSolutionNode = FALSE
	EndGlobalSection
	GlobalSection(NestedProjects) = preSolution
		{A0B598BF-D822-4B82-BBBF-5F057C760044} = {03706265-DABD-451A-8689-AA36D5268185}
		{5D649B66-FA2C-4321-A5FD-04093E57FCC0} = {AF68C7E9-0E1D-47B3-B6AB-213A93D4D9C0}
		{1E66EC5A-FD53-46AC-B43B-7EED5CC625E9} = {3FCCE784-D1CE-4DC2-8AA4-07382F87949C}
		{3FCCE784-D1CE-4DC2-8AA4-07382F87949C} = {4368E5C5-1D16-4ABA-B9E5-A5B640218024}
		{03706265-DABD-451A-8689-AA36D5268185} = {4368E5C5-1D16-4ABA-B9E5-A5B640218024}
		{AF68C7E9-0E1D-47B3-B6AB-213A93D4D9C0} = {4368E5C5-1D16-4ABA-B9E5-A5B640218024}
		{332B3179-F8FD-48C5-9277-169C60AB7D63} = {E6BE90F5-212A-4A95-A82F-057CC995666A}
		{84F810C9-3476-4132-9D01-FB000EE12C4E} = {3FCCE784-D1CE-4DC2-8AA4-07382F87949C}
	EndGlobalSection
	GlobalSection(ExtensibilityGlobals) = postSolution
		SolutionGuid = {99F20FBD-A33E-4C69-B50A-535754BE4F9E}
	EndGlobalSection
EndGlobal
